
Microsoft Visual Studio Solution File, Format Version 12.00
# Visual Studio Version 17
VisualStudioVersion = 17.14.36603.0 d17.14
MinimumVisualStudioVersion = 10.0.40219.1
Project("{FAE04EC0-301F-11D3-BF4B-00C04F79EFBC}") = "enum", "enum\enum.csproj", "{65594561-A341-4617-ADAA-2EFAF8450C6F}"
EndProject
Global
	GlobalSection(SolutionConfigurationPlatforms) = preSolution
		Debug|Any CPU = Debug|Any CPU
		Release|Any CPU = Release|Any CPU
	EndGlobalSection
	GlobalSection(ProjectConfigurationPlatforms) = postSolution
		{65594561-A341-4617-ADAA-2EFAF8450C6F}.Debug|Any CPU.ActiveCfg = Debug|Any CPU
		{65594561-A341-4617-ADAA-2EFAF8450C6F}.Debug|Any CPU.Build.0 = Debug|Any CPU
		{65594561-A341-4617-ADAA-2EFAF8450C6F}.Release|Any CPU.ActiveCfg = Release|Any CPU
		{65594561-A341-4617-ADAA-2EFAF8450C6F}.Release|Any CPU.Build.0 = Release|Any CPU
	EndGlobalSection
	GlobalSection(SolutionProperties) = preSolution
		HideSolutionNode = FALSE
	EndGlobalSection
	GlobalSection(ExtensibilityGlobals) = postSolution
		SolutionGuid = {055DC40D-6E5C-4EB5-BD77-5E05F6A8AA7E}
	EndGlobalSection
EndGlobal
